lockfileVersion: '9.0'

settings:
  autoInstallPeers: false
  excludeLinksFromLockfile: false

importers:

  .:
    dependencies:
      cssnano:
        specifier: ^8.0.10
        version: 8.0.10(postcss@8.5.28)
      htmlnano:
        specifier: ^3.5.1
        version: 3.5.1(cssnano@8.0.10(postcss@8.5.28))(postcss@8.5.28)(svgo@4.1.0)
      luxon:
        specifier: ^3.7.2
        version: 3.7.2
      postcss:
        specifier: ^8.5.28
        version: 8.5.28
      prettier:
        specifier: ^3.9.9
        version: 3.9.9
      sass:
        specifier: ^1.105.1
        version: 1.105.1

packages:

  '@colordx/core@5.8.0':
    resolution: {integrity: sha512-cG0QJAO6VkaRUlIb0zOzX9gfJgs1pjoOL9gZ/PK1kfvBs0GCkADu5oQh6gPxXgQnZ3gV575h+lQRC0NlMDTclA==}

  '@parcel/watcher-android-arm64@2.6.0':
    resolution: {integrity: sha512-trgpLSCKRC/huFjXX/Smh+0sWe4+YtKfktIToiMl59ghz7z+qkH6kMvNnUbLyRs9N11t8l4svSCs1+5B3rOAhA==}
    engines: {node: '>= 10.0.0'}
    cpu: [arm64]
    os: [android]

  '@parcel/watcher-darwin-arm64@2.6.0':
    resolution: {integrity: sha512-Y3QV0gl7Q1zbfueunkWIERICbEojQFCgpyG7YqOGNFLsckXyI1xu9mAIUpKY9QBYzBtSkN8dBPwd3yiAO9ovMw==}
    engines: {node: '>= 10.0.0'}
    cpu: [arm64]
    os: [darwin]

  '@parcel/watcher-darwin-x64@2.6.0':
    resolution: {integrity: sha512-Ohv6OpzhUfKYD7Beb8kDvG0jbIxORCYY1JRdZnaBtnjjkJxgD7ZVL0nw2sCYd0yTMKTvz3nnTnOF3cDifK+kvw==}
    engines: {node: '>= 10.0.0'}
    cpu: [x64]
    os: [darwin]

  '@parcel/watcher-freebsd-x64@2.6.0':
    resolution: {integrity: sha512-5HmXvDgs8VK+74jF9y9/2FE3/OnlcKmc56tjmSrEuZjpSZOGL+fvAu+HKJBdPs9uwoP2hE6TlSUpXZ/C5jUFmQ==}
    engines: {node: '>= 10.0.0'}
    cpu: [x64]
    os: [freebsd]

  '@parcel/watcher-linux-arm-glibc@2.6.0':
    resolution: {integrity: sha512-Ps/hui3A+vMbjdqlqAowK2ZL8+BO8dBjxeWXj6npTBs3jx4wWmbPpaLuqwrQrSqIVMCnpWo238bJ1U37GhQOYg==}
    engines: {node: '>= 10.0.0'}
    cpu: [arm]
    os: [linux]
    libc: [glibc]

  '@parcel/watcher-linux-arm-musl@2.6.0':
    resolution: {integrity: sha512-9c6AUHgHoG+IY88MRIHupztQiQnrbqHYQjkM2btA+Bf/wQnQMuiD0Wfk1EVv3TlNT3x41uU71rn6E4xh/+zvkw==}
    engines: {node: '>= 10.0.0'}
    cpu: [arm]
    os: [linux]
    libc: [musl]

  '@parcel/watcher-linux-arm64-glibc@2.6.0':
    resolution: {integrity: sha512-yHRqS2owEXe6Hic9z6Mh1ECsCd+ODVOGvZDyciqRd21+v+o+DnXMOrw50DSpIG2sb8GPEaPPmfeCAWKPJdq46g==}
    engines: {node: '>= 10.0.0'}
    cpu: [arm64]
    os: [linux]
    libc: [glibc]

  '@parcel/watcher-linux-arm64-musl@2.6.0':
    resolution: {integrity: sha512-WhB2e/V7rqdHHWZusBSPuy5Ei8S6lSz6FE5TKKQz5h3a0O+C+mhY7vxU9b/stqvMb8beLnPY82ZrFTLKs+SrKA==}
    engines: {node: '>= 10.0.0'}
    cpu: [arm64]
    os: [linux]
    libc: [musl]

  '@parcel/watcher-linux-x64-glibc@2.6.0':
    resolution: {integrity: sha512-ulGE6x6Oz6iAwg75T8YQSoguBWasniIbX+QWpaYPcCnDOpdWX3k+4xbEYPZVLxOuoJI+svJJPD3sEj8G7lrQ3A==}
    engines: {node: '>= 10.0.0'}
    cpu: [x64]
    os: [linux]
    libc: [glibc]

  '@parcel/watcher-linux-x64-musl@2.6.0':
    resolution: {integrity: sha512-tkBYKt7YQrjIJWYDnto2YgO8MRkjlMTSNoRHzsXinBqbLdeOM3L32wPZJvIZxqaLMfSlS/4sUjH/6STVP/XDLw==}
    engines: {node: '>= 10.0.0'}
    cpu: [x64]
    os: [linux]
    libc: [musl]

  '@parcel/watcher-win32-arm64@2.6.0':
    resolution: {integrity: sha512-gIZAP23jaHjGWasY/TY6yL7NHFClf0Ga7FN+iINvk+KN94rhm94lYZhFsbYFNcA04/onvGD9kKmiJLJB2HbNwQ==}
    engines: {node: '>= 10.0.0'}
    cpu: [arm64]
    os: [win32]

  '@parcel/watcher-win32-x64@2.6.0':
    resolution: {integrity: sha512-cA+/pXV2YkfxlIcXOQ5fSWqAzzPyD78/x5qbK/I0vUkrlYHA8TIz+MXjAbGouguKVSI4bOmkTSJ1/poVSsgt+A==}
    engines: {node: '>= 10.0.0'}
    cpu: [x64]
    os: [win32]

  '@parcel/watcher@2.6.0':
    resolution: {integrity: sha512-7FNeNl8NCE7aINx7WXiKQrPYZWC/hvrTsmk6zmxbI7LTXE7hVek/n8AfVgpe2y82zl3w0HvCHN0bVKMBoJcC0w==}
    engines: {node: '>= 10.0.0'}

  '@types/relateurl@0.2.33':
    resolution: {integrity: sha512-bTQCKsVbIdzLqZhLkF5fcJQreE4y1ro4DIyVrlDNSCJRRwHhB8Z+4zXXa8jN6eDvc2HbRsEYgbvrnGvi54EpSw==}

  argparse@2.0.1:
    resolution: {integrity: sha512-8+9WqebbFzpX9OR+Wa6O29asIogeRMzcGtAINdpMHHyAg10f05aSFVBbcEqGf/PXw1EjAZ+q2/bEBg3DvurK3Q==}

  baseline-browser-mapping@2.11.27:
    resolution: {integrity: sha512-ElY12DaROGuan+lMmZ8Cvo/ZUbXPe7Enc/9VU/b1T3Kp4dwytRcNdR8DoSJN5SNJT/CuvcCA0DHDVmMOCePdRQ==}
    engines: {node: '>=6.0.0'}
    hasBin: true

  boolbase@1.0.0:
    resolution: {integrity: sha512-JZOSA7Mo9sNGB8+UjSgzdLtokWAky1zbztM3WRLCbZ70/3cTANmQmOdR7y2g+J0e2WXywy1yS468tY+IruqEww==}

  browserslist@4.29.3:
    resolution: {integrity: sha512-1R4kiYKXGViqEN0CnoDrXc1StD9niAwu+j2dukWzrD4bJgsD4lDmEp0CRbc6E/vYJIfTHwPmwyaKtVSudICdPA==}
    engines: {node: ^6 || ^7 || ^8 || ^9 || ^10 || ^11 || ^12 || >=13.7}
    hasBin: true

  caniuse-api@4.0.0:
    resolution: {integrity: sha512-B0hQ1OLyJuHTQSOWXvwibWqM6DCoqJdvBA6X1S/53bd4XU7LJ1yurIPlrsouol3mw1jh9pGI4ivubSpmJeIqCA==}

  caniuse-lite@1.0.30001814:
    resolution: {integrity: sha512-/Uaf1lAzr59XcMpW0o96WoEfr+VXK2OX4U9AgFoiSHsVJ4HppnIFUjtYzsyDH2+tgANaQb2/oxYGwCPapN1FpA==}

  chokidar@5.0.0:
    resolution: {integrity: sha512-TQMmc3w+5AxjpL8iIiwebF73dRDF4fBIieAqGn9RGCWaEVwQ6Fb2cGe31Yns0RRIzii5goJ1Y7xbMwo1TxMplw==}
    engines: {node: '>= 20.19.0'}

  commander@11.1.0:
    resolution: {integrity: sha512-yPVavfyCcRhmorC7rWlkHn15b4wDVgVmBA7kV4QVBsF7kv/9TKJAbAXVTxvTnwP8HHKjRCJDClKbciiYS7p0DQ==}
    engines: {node: '>=16'}

  commander@15.0.0:
    resolution: {integrity: sha512-z67u4ZhzCL/Tydu1lJARtEZYWbWaN7oYLHbsuzocr6y4N6WZAagG3RQ4FW61V1/0+jImpj293XfrcYnd1qxtPg==}
    engines: {node: '>=22.12.0'}

  cosmiconfig@10.0.1:
    resolution: {integrity: sha512-/zvGoYn0y27QTBmK+0B+oPdEPC4fKGUmJsMTQbDjqph00TrkqfVFW/M+C6ya54sYCgHC6QCwK/mI6djt8cEGHQ==}
    engines: {node: ^22.18 || >= 24}

  css-select@6.0.0:
    resolution: {integrity: sha512-rZZVSLle8v0+EY8QAkDWrKhpgt6SA5OtHsgBnsj6ZaLb5dmDVOWUDtQitd9ydxxvEjhewNudS6eTVU7uOyzvXw==}

  css-tree@2.2.1:
    resolution: {integrity: sha512-OA0mILzGc1kCOCSJerOeqDxDQ4HOh+G8NbOJFOTgOCzpw7fCBubk0fEyxp8AgOL/jvLgYA/uV0cMbe43ElF1JA==}
    engines: {node: ^10 || ^12.20.0 || ^14.13.0 || >=15.0.0, npm: '>=7.0.0'}

  css-tree@3.2.1:
    resolution: {integrity: sha512-X7sjQzceUhu1u7Y/ylrRZFU2FS6LRiFVp6rKLPg23y3x3c3DOKAwuXGDp+PAGjh6CSnCjYeAul8pcT8bAl+lSA==}
    engines: {node: ^10 || ^12.20.0 || ^14.13.0 || >=15.0.0}

  css-what@7.0.0:
    resolution: {integrity: sha512-wD5oz5xibMOPHzy13CyGmogB3phdvcDaB5t0W/Nr5Z2O/agcB8YwOz6e2Lsp10pNDzBoDO9nVa3RGs/2BttpHQ==}
    engines: {node: '>= 6'}

  cssesc@3.0.0:
    resolution: {integrity: sha512-/Tb/JcjK111nNScGob5MNtsntNM1aCNUDipB/TkwZFhyDrrE47SOx/18wF2bbjgc3ZzCSKW1T5nt5EbFoAz/Vg==}
    engines: {node: '>=4'}
    hasBin: true

  cssnano-preset-default@8.0.10:
    resolution: {integrity: sha512-34uq3q7OXgmfxXn+MHTgIqysCLH7zRZZUMAwrBiO09F5/KLVD33iDFNRRUNYStKdj0SaAIUVr6Akao2Fpp0aVA==}
    engines: {node: ^22.11.0 || ^24.11.0 || >=26.0}
    peerDependencies:
      postcss: ^8.5.26

  cssnano-utils@6.0.4:
    resolution: {integrity: sha512-j1z2mW4MqtcGM4I8TxXAdOXUifp1DZ5/bZnyYnCpHlzQ/ilCj2voLxE0aqEKnBDA5hF6HahSY13JU8kyZ1s8Mg==}
    engines: {node: ^22.11.0 || ^24.11.0 || >=26.0}
    peerDependencies:
      postcss: ^8.5.26

  cssnano@8.0.10:
    resolution: {integrity: sha512-aMlBsvQW5g1b8vfPnkuy5Bk7g/jyRsf5eMpbhe4nKnePx+n2IrC0L6dFqnd3r4/OGNIYGEHfAt09oywi84fWKQ==}
    engines: {node: ^22.11.0 || ^24.11.0 || >=26.0}
    peerDependencies:
      postcss: ^8.5.26

  csso@5.0.5:
    resolution: {integrity: sha512-0LrrStPOdJj+SPCCrGhzryycLjwcgUSHBtxNA8aIDxf0GLsRh1cKYhB00Gd1lDOS4yGH69+SNn13+TWbVHETFQ==}
    engines: {node: ^10 || ^12.20.0 || ^14.13.0 || >=15.0.0, npm: '>=7.0.0'}

  detect-libc@2.1.2:
    resolution: {integrity: sha512-Btj2BOOO83o3WyH59e8MgXsxEQVcarkUOpEYrubB0urwnN10yQ364rsiByU11nZlqWYZm05i/of7io4mzihBtQ==}
    engines: {node: '>=8'}

  dom-serializer@1.4.1:
    resolution: {integrity: sha512-VHwB3KfrcOOkelEG2ZOfxqLZdfkil8PtJi4P8N2MMXucZq2yLp75ClViUlOVwyoHEDjYU433Aq+5zWP61+RGag==}

  dom-serializer@2.0.0:
    resolution: {integrity: sha512-wIkAryiqt/nV5EQKqQpo3SToSOV9J0DnbJqwK7Wv/Trc92zIAYZ4FlMu+JPFW1DfGFt81ZTCGgDEabffXeLyJg==}

  domelementtype@2.3.0:
    resolution: {integrity: sha512-OLETBj6w0OsagBwdXnPdN0cnMfF9opN69co+7ZrbfPGrdpPVNBUj02spi6B1N7wChLQiPn4CSH/zJvXw56gmHw==}

  domhandler@4.3.1:
    resolution: {integrity: sha512-GrwoxYN+uWlzO8uhUXRl0P+kHE4GtVPfYzVLcUxPL7KNdHKj66vvlhiweIHqYYXWlw+T8iLMp42Lm67ghw4WMQ==}
    engines: {node: '>= 4'}

  domhandler@5.0.3:
    resolution: {integrity: sha512-cgwlv/1iFQiFnU96XXgROh8xTeetsnJiDsTc7TYCLFd9+/WNkIqPTxiM/8pSd8VIrhXGTf1Ny1q1hquVqDJB5w==}
    engines: {node: '>= 4'}

  domutils@2.8.0:
    resolution: {integrity: sha512-w96Cjofp72M5IIhpjgobBimYEfoPjx1Vx0BSX9P30WBdZW2WIKU0T1Bd0kz2eNZ9ikjKgHbEyKx8BB6H1L3h3A==}

  domutils@3.2.2:
    resolution: {integrity: sha512-6kZKyUajlDuqlHKVX1w7gyslj9MPIXzIFiz/rGu35uC1wMi+kMhQwGhl4lt9unC9Vb9INnY9Z3/ZA3+FhASLaw==}

  electron-to-chromium@1.5.444:
    resolution: {integrity: sha512-5ss/uJfoDYDHT0lfJzT6FbcskIzROIOPf0BbbFkGcvDzoJU7i//9GDrwwIHQVmIsrAGiF3ihpADBRIsrEFt1rQ==}

  entities@2.2.0:
    resolution: {integrity: sha512-p92if5Nz619I0w+akJrLZH0MX0Pb5DX39XOwQTtXSdQQOaYH03S1uIQp4mhOZtAXrxq4ViO67YTiLBo2638o9A==}

  entities@3.0.1:
    resolution: {integrity: sha512-WiyBqoomrwMdFG1e0kqvASYfnlb0lp8M5o5Fw2OFq1hNZxxcNk8Ik0Xm7LxzBhuidnZB/UtBqVCgUz3kBOP51Q==}
    engines: {node: '>=0.12'}

  entities@4.5.0:
    resolution: {integrity: sha512-V0hjH4dGPh9Ao5p0MoRY6BVqtwCjhz6vI5LT8AJ55H+4g9/4vbHx1I54fS0XuclLhDHArPQCiMjDxjaL8fPxhw==}
    engines: {node: '>=0.12'}

  entities@8.1.0:
    resolution: {integrity: sha512-kxL7msIffSuh9aaFAMD7rxAIuTRMAHMeBtgHW2yUdWw732ZNh4MehkF2gdjvtdmikkaIP9bFDDJOPlsvm7avrA==}
    engines: {node: '>=20.19.0'}

  env-paths@2.2.1:
    resolution: {integrity: sha512-+h1lkLKhZMTYjog1VEpJNG7NZJWcuc2DDk/qsqSTRRCOXiLjeQ1d1/udrUGhqMxUgAlwKNZ0cf2uqan5GLuS2A==}
    engines: {node: '>=6'}

  escalade@3.2.0:
    resolution: {integrity: sha512-WUj2qlxaQtO4g6Pq5c29GTcWGDyd8itL8zTlipgECz3JesAiiOKotd8JU6otB3PACgG6xkJUyVhboMS+bje/jA==}
    engines: {node: '>=6'}

  fdir@6.5.0:
    resolution: {integrity: sha512-tIbYtZbucOs0BRGqPJkshJUYdL+SDH7dVM8gjy+ERp3WAUjLEFJE+02kanyHtwjWOnwrKYBiwAmM0p4kLJAnXg==}
    engines: {node: '>=12.0.0'}
    peerDependencies:
      picomatch: ^3 || ^4
    peerDependenciesMeta:
      picomatch:
        optional: true

  htmlnano@3.5.1:
    resolution: {integrity: sha512-TDyNiRaBYaNIKDbwQmPEs9rKkXCpgnnihabzMYYWvj2KR7CVfgtjT3OsWm0G11s8Km3kRm7EgRpF+RoqzG5CfA==}
    hasBin: true
    peerDependencies:
      cssnano: ^7.0.0 || ^8.0.0 || ^9.0.0
      postcss: ^8.3.11
      purgecss: ^8.0.0
      relateurl: ^0.2.7
      srcset: ^5.0.1
      svgo: ^4.0.0
      terser: ^5.21.0
      uncss: ^0.17.3
    peerDependenciesMeta:
      cssnano:
        optional: true
      postcss:
        optional: true
      purgecss:
        optional: true
      relateurl:
        optional: true
      srcset:
        optional: true
      svgo:
        optional: true
      terser:
        optional: true
      uncss:
        optional: true

  htmlparser2@7.2.0:
    resolution: {integrity: sha512-H7MImA4MS6cw7nbyURtLPO1Tms7C5H602LRETv95z1MxO/7CP7rDVROehUYeYBUYEON94NXXDEPmZuq+hX4sog==}

  immutable@5.1.9:
    resolution: {integrity: sha512-m8nVez3rwrgmWxtLMt1ZYXB2Lv7OKYn/disyxAlSDYAlKSlFoPPfIAmAM/M5xqL4m4C/wAPw7S2/CNaUii1Hxg==}

  is-extglob@2.1.1:
    resolution: {integrity: sha512-SbKbANkN603Vi4jEZv49LeVJMn4yGwsbzZworEoyEiutsN3nJYdbO36zfhGJ6QEDpOZIFkDtnq5JRxmvl3jsoQ==}
    engines: {node: '>=0.10.0'}

  is-glob@4.0.3:
    resolution: {integrity: sha512-xelSayHH36ZgE7ZWhli7pW34hNbNl8Ojv5KVmkJD4hBdD3th8Tfk9vYasLM+mXWOZhFkgZfxhLSnrwRr4elSSg==}
    engines: {node: '>=0.10.0'}

  is-json@2.0.1:
    resolution: {integrity: sha512-6BEnpVn1rcf3ngfmViLM6vjUjGErbdrL4rwlv+u1NO1XO8kqT4YGL8+19Q+Z/bas8tY90BTWMk2+fW1g6hQjbA==}

  js-yaml@5.4.2:
    resolution: {integrity: sha512-m+aqu+LwO1O6sIopafj8HUVl5aawITwZQe/yHpMCKjaWBaA/d07B/QdMb3529REftiU+RMMHL3Vlsw3hON7vWg==}
    hasBin: true

  lilconfig@3.1.3:
    resolution: {integrity: sha512-/vlFKAoH5Cgt3Ie+JLhRbwOsCQePABiU3tJ1egGvyQ+33R/vcwM2Zl2QR/LzjsBeItPt3oSVXapn+m4nQDvpzw==}
    engines: {node: '>=14'}

  luxon@3.7.2:
    resolution: {integrity: sha512-vtEhXh/gNjI9Yg1u4jX/0YVPMvxzHuGgCm6tC5kZyb08yjGWGnqAjGJvcXbqQR2P3MyMEFnRbpcdFS6PBcLqew==}
    engines: {node: '>=12'}

  mdn-data@2.0.28:
    resolution: {integrity: sha512-aylIc7Z9y4yzHYAJNuESG3hfhC+0Ibp/MAMiaOZgNv4pmEdFyfZhhhny4MNiAfWdBQ1RQ2mfDWmM1x8SvGyp8g==}

  mdn-data@2.27.1:
    resolution: {integrity: sha512-9Yubnt3e8A0OKwxYSXyhLymGW4sCufcLG6VdiDdUGVkPhpqLxlvP5vl1983gQjJl3tqbrM731mjaZaP68AgosQ==}

  nanoid@3.3.19:
    resolution: {integrity: sha512-Y2tUNy4ouw6tq5oDSKeQYGOyhkUBhNOcGV/02KC+6kd9eDGqdZd++mjMiIDilrBYvjEnCYvVtsuHCuP+okSfug==}
    engines: {node: ^10 || ^12 || ^13.7 || ^14 || >=15.0.1}
    hasBin: true

  node-addon-api@7.1.1:
    resolution: {integrity: sha512-5m3bsyrjFWE1xf7nz7YXdN4udnVtXK6/Yfgn5qnahL6bCkf2yKt4k3nuTKAtT4r3IG8JNR2ncsIMdZuAzJjHQQ==}

  node-releases@2.0.57:
    resolution: {integrity: sha512-kQK9LGGFiHtrWiNhZtA7Qbw17AQz+dmsEKODRIVTXA9+e5MS/2gZEBhYJt13GrAz5/IOZKddH/0Z3TP/Zgo+yw==}
    engines: {node: '>=18'}

  nth-check@2.1.1:
    resolution: {integrity: sha512-lqjrjmaOoAnWfMmBPL+XNnynZh2+swxiX3WUE0s4yEHI6m+AwrK2UZOimIRl3X/4QctVqS8AiZjFqyOGrMXb/w==}

  picocolors@1.1.1:
    resolution: {integrity: sha512-xceH2snhtb5M9liqDsmEw56le376mTZkEX/jEb/RxNFyegNul7eNslCXP9FDj/Lcu0X8KEyMceP2ntpaHrDEVA==}

  picomatch@4.0.7:
    resolution: {integrity: sha512-qcJu88Q2IWqJsDD529JKMdwGm/dvInW4HvQnRwiH9JtihJvzGOscDtHE3x1pBKeUOTysQ8kVmLnJ2kJu7yhcGA==}
    engines: {node: '>=12'}

  postcss-calc@10.1.1:
    resolution: {integrity: sha512-NYEsLHh8DgG/PRH2+G9BTuUdtf9ViS+vdoQ0YA5OQdGsfN4ztiwtDWNtBl9EKeqNMFnIu8IKZ0cLxEQ5r5KVMw==}
    engines: {node: ^18.12 || ^20.9 || >=22.0}
    peerDependencies:
      postcss: ^8.4.38

  postcss-colormin@8.0.5:
    resolution: {integrity: sha512-U/N+7tkHgHoD24NB6q9k9uFcRfVJRdzVSit0fM0T2L6fvnpUoTIAYgzkyjD56LHEoCoPNfkMcfTB47SW/lNegQ==}
    engines: {node: ^22.11.0 || ^24.11.0 || >=26.0}
    peerDependencies:
      postcss: ^8.5.26

  postcss-convert-values@8.0.4:
    resolution: {integrity: sha512-ifBmAJBfpDymi7r/CqxYRJWlG+BLdVmusUC/kFPOqH/+TitdBeHA68CYqY79wXL+iQnqg6e4LGHA2Mte14X6Ig==}
    engines: {node: ^22.11.0 || ^24.11.0 || >=26.0}
    peerDependencies:
      postcss: ^8.5.26

  postcss-discard-comments@8.0.4:
    resolution: {integrity: sha512-SU1uLYRQPKLJJmqEmqzu+Ze+9xDurBm7m/LOzXG/ANBAfAGLjbQF+oIyZnf3jV3F155q5rRMYXsoTNEJsPyHng==}
    engines: {node: ^22.11.0 || ^24.11.0 || >=26.0}
    peerDependencies:
      postcss: ^8.5.26

  postcss-discard-duplicates@8.0.4:
    resolution: {integrity: sha512-/ugMYYTE+IpHpTmwz6/S8w+blCz9pZNroUgadTdlbPnHoLLWis9QvwmoyWui2mOgFzuRM6Me7AnoGU3i0Ua2ng==}
    engines: {node: ^22.11.0 || ^24.11.0 || >=26.0}
    peerDependencies:
      postcss: ^8.5.26

  postcss-discard-empty@8.0.5:
    resolution: {integrity: sha512-im0QtfNFa6V3SGPrfqzrWYuhzSz1ztWORKsuhZHQbWdKMh0DiNj3pmqBnABbhdKjyeW6nZ1oZYGh4dMc3biyaw==}
    engines: {node: ^22.11.0 || ^24.11.0 || >=26.0}
    peerDependencies:
      postcss: ^8.5.26

  postcss-discard-overridden@8.0.4:
    resolution: {integrity: sha512-NqupxmnSSfWPJJDYbQk1qXWRwr+lw4Kyp/LSOjqwTpy/vSwo34EVXYKywgemSWpgh39P7Cs/G+tqynbRlXoJhw==}
    engines: {node: ^22.11.0 || ^24.11.0 || >=26.0}
    peerDependencies:
      postcss: ^8.5.26

  postcss-merge-longhand@8.0.4:
    resolution: {integrity: sha512-ammolHhMvuTz/L9YN/ge1SWbUDcD3Y9o2gXlo3S6H4MCJHheyVPwcI/LAnSuNT4gcUmSF9pNTXo7+3M/2MFPAQ==}
    engines: {node: ^22.11.0 || ^24.11.0 || >=26.0}
    peerDependencies:
      postcss: ^8.5.26

  postcss-merge-rules@8.0.5:
    resolution: {integrity: sha512-jz+QaKz4VhjsqTVsJMRuH+EvrX1F9l6kYFuF8g6geVxFoYnPEZN4G+zqCb6zhxOIcc2aeAo38XEl2pOIZi2gBw==}
    engines: {node: ^22.11.0 || ^24.11.0 || >=26.0}
    peerDependencies:
      postcss: ^8.5.26

  postcss-minify-font-values@8.0.4:
    resolution: {integrity: sha512-wZZgJ87U5WbQCEM0EOY/oM7M1a+sqW6vrOClGC9lNbsY0HYmbMFvFuukBn8PzF+ikKmaT0QB+uSAHTRLzMkD+A==}
    engines: {node: ^22.11.0 || ^24.11.0 || >=26.0}
    peerDependencies:
      postcss: ^8.5.26

  postcss-minify-gradients@8.0.6:
    resolution: {integrity: sha512-NsqlG34WSO44NOHVT6m6ZWpN80fK2l5Zt73PMDXBJKT6fO6GPnI0NBi6xIVFr/naej3ukVUlIFQGxb7JGaa9Zg==}
    engines: {node: ^22.11.0 || ^24.11.0 || >=26.0}
    peerDependencies:
      postcss: ^8.5.26

  postcss-minify-params@8.0.4:
    resolution: {integrity: sha512-TDx9O/ni7KazRK32pVvoo3MjExyVxWE0949vB2XZ0oHnxdAtQFHa9oG21wWkvsOL3osjiOVejwDLe6a0d0EuSw==}
    engines: {node: ^22.11.0 || ^24.11.0 || >=26.0}
    peerDependencies:
      postcss: ^8.5.26

  postcss-minify-selectors@8.0.5:
    resolution: {integrity: sha512-i+PlhVCaPa7xevjhpActH2PrP27kDNSuuFf/ZGk8YrIcd1pd3Mfcfiv8H7dbY1/vz7U+QparioAtJaFV+IEwQg==}
    engines: {node: ^22.11.0 || ^24.11.0 || >=26.0}
    peerDependencies:
      postcss: ^8.5.26

  postcss-normalize-charset@8.0.5:
    resolution: {integrity: sha512-l0L1rIe9YHbLaf4xfL2pkkQV3gq/QIy8D0bjsaHYdGVgR+eQk7IBp3dUdIKe6XuG7DzFiCwJn248nvAFAi5CjA==}
    engines: {node: ^22.11.0 || ^24.11.0 || >=26.0}
    peerDependencies:
      postcss: ^8.5.26

  postcss-normalize-display-values@8.0.4:
    resolution: {integrity: sha512-F8DGtzelJDV6S5mhcugc+EJ8sXI+kFv2PBedkfMWqd8mvTE4qyy3kva6AQwjy2+L2lZ9TGTkSumdq+n3EhGeAw==}
    engines: {node: ^22.11.0 || ^24.11.0 || >=26.0}
    peerDependencies:
      postcss: ^8.5.26

  postcss-normalize-positions@8.0.4:
    resolution: {integrity: sha512-anOMhqe6Z0OP4jvchK1v1hIG08kO7rsp8uHrxT2+XaKp8wbvVcUO3QHUzRmQDazWUPtRzy1h2UlixyJenF42sg==}
    engines: {node: ^22.11.0 || ^24.11.0 || >=26.0}
    peerDependencies:
      postcss: ^8.5.26

  postcss-normalize-repeat-style@8.0.4:
    resolution: {integrity: sha512-vY8+k+/bFT7B8gzlHVye8FxBTMEpUAQxAgb4UYFAGGsKmXfwEvc7VPs+kpFNrTeqVKAvVh8+VVhZ+f3S4TWJPg==}
    engines: {node: ^22.11.0 || ^24.11.0 || >=26.0}
    peerDependencies:
      postcss: ^8.5.26

  postcss-normalize-string@8.0.4:
    resolution: {integrity: sha512-dWnV1frIV1XUlSYzJudceAbQ7PGyho9EgVHQXMcAoog6Nwnet3G9rz8IXcCb0EF2eefmpYG9hDT9+yWJOxc5zw==}
    engines: {node: ^22.11.0 || ^24.11.0 || >=26.0}
    peerDependencies:
      postcss: ^8.5.26

  postcss-normalize-timing-functions@8.0.4:
    resolution: {integrity: sha512-VANJsokAWdQ03ZJwmcdEKXJjVHRtMgalB/BgbCgN3CRTdbwB5TXlSDRmdShSCxpnZs8WLAm0mPa//p5o5D/ZTg==}
    engines: {node: ^22.11.0 || ^24.11.0 || >=26.0}
    peerDependencies:
      postcss: ^8.5.26

  postcss-normalize-unicode@8.0.4:
    resolution: {integrity: sha512-SxVEoFdYed0bxxwZwAXnaAZ2lzNb5jtiQvYWyMIEqnGOzCuztWpVO8LvsqpOfUIacOb6oYaWi7WOAZR36OhYqw==}
    engines: {node: ^22.11.0 || ^24.11.0 || >=26.0}
    peerDependencies:
      postcss: ^8.5.26

  postcss-normalize-url@8.0.4:
    resolution: {integrity: sha512-JKZW8KRHkLEYkUb/55n3knDUMZeyvxlTv7ZA82bcHiCjL81b0Yyf9fIUBAYKZ6ucDgKfCDM78xhXuteVlk/o9Q==}
    engines: {node: ^22.11.0 || ^24.11.0 || >=26.0}
    peerDependencies:
      postcss: ^8.5.26

  postcss-normalize-whitespace@8.0.5:
    resolution: {integrity: sha512-xuFovful3vVIA9fWWmAL2pG1Qr95Udj2MrLgjU50C6r+Xnh3s6t2BN1xXQ8lnCOCAtzMvMpPWYlnAh4nSv5VEQ==}
    engines: {node: ^22.11.0 || ^24.11.0 || >=26.0}
    peerDependencies:
      postcss: ^8.5.26

  postcss-ordered-values@8.0.5:
    resolution: {integrity: sha512-aDL7nPR7w1foUqo4rN6QY1Kr45+SYELnmUg5taZehh7FfFdxQmUjbuOOBuffIXjiHV45zqgFHCb4azsWW19jyw==}
    engines: {node: ^22.11.0 || ^24.11.0 || >=26.0}
    peerDependencies:
      postcss: ^8.5.26

  postcss-reduce-initial@8.0.5:
    resolution: {integrity: sha512-Bh5d7zjH1Ai9LzJ1qULUZIaC18cniD+wA6gFlOPglMxJRC7meXbuPvpJ/zHQGg5QKwQgit++XQhDTiEIhCk8Ow==}
    engines: {node: ^22.11.0 || ^24.11.0 || >=26.0}
    peerDependencies:
      postcss: ^8.5.26

  postcss-reduce-transforms@8.0.4:
    resolution: {integrity: sha512-ZGU7/R0GmjE3x2mOGB0g9Ohx74X+JjYX62RB5IBYLOe6R0fuHGZ76HtTY2CdM5NE8Yey/ew5clEf8iZQnjDjWA==}
    engines: {node: ^22.11.0 || ^24.11.0 || >=26.0}
    peerDependencies:
      postcss: ^8.5.26

  postcss-selector-parser@7.1.6:
    resolution: {integrity: sha512-7qASPzhKF2l2KLboRZux8CCTRMdGiV08vWmyKzPz22qZ7ZjQBOeY7rNzNoCLSUiftJ7HUq0GERHmxw/t0dCdMw==}
    engines: {node: '>=4'}

  postcss-svgo@8.0.6:
    resolution: {integrity: sha512-auQHNmduFFHzz1sWYM3sroW7IDMzxshlLjnwAALfkrAgPegHFats+jMK6BRCcdIulxPmqXFSQvgoAX4vw8I59g==}
    engines: {node: ^22.11.0 || ^24.11.0 || >=26.0}
    peerDependencies:
      postcss: ^8.5.26

  postcss-unique-selectors@8.0.4:
    resolution: {integrity: sha512-Sby0EtmD1mlvcZSWP5eXjxhxVgvXE5QVRzd+8NH0IbF+lYQIM57ybwAvJYYtI/fexMgCWcRnDETovjKOcLJb8w==}
    engines: {node: ^22.11.0 || ^24.11.0 || >=26.0}
    peerDependencies:
      postcss: ^8.5.26

  postcss-value-parser@4.2.0:
    resolution: {integrity: sha512-1NNCs6uurfkVbeXG4S8JFT9t19m45ICnif8zWLd5oPSZ50QnwMfK+H3jv408d4jw/7Bttv5axS5IiHoLaVNHeQ==}

  postcss@8.5.28:
    resolution: {integrity: sha512-RRuzqDtt5Y9h3quz5hWhK+TPnsmVs6WwSU6LkJMeY4HstUEDuYTG8UJSdawMRzmzAtV+KEoG8N3Qg2qLy5vM/A==}
    engines: {node: ^10 || ^12 || >=14}

  posthtml-parser@0.11.0:
    resolution: {integrity: sha512-QecJtfLekJbWVo/dMAA+OSwY79wpRmbqS5TeXvXSX+f0c6pW4/SE6inzZ2qkU7oAMCPqIDkZDvd/bQsSFUnKyw==}
    engines: {node: '>=12'}

  posthtml-render@3.0.0:
    resolution: {integrity: sha512-z+16RoxK3fUPgwaIgH9NGnK1HKY9XIDpydky5eQGgAFVXTCSezalv9U2jQuNV+Z9qV1fDWNzldcw4eK0SSbqKA==}
    engines: {node: '>=12'}

  posthtml@0.16.7:
    resolution: {integrity: sha512-7Hc+IvlQ7hlaIfQFZnxlRl0jnpWq2qwibORBhQYIb0QbNtuicc5ZxvKkVT71HJ4Py1wSZ/3VR1r8LfkCtoCzhw==}
    engines: {node: '>=12.0.0'}

  prettier@3.9.9:
    resolution: {integrity: sha512-Z/CJHIkdujO/OtN7nXUii0Rf3VT5SRuhjBA82Xvu2XhBUgX3nhP67T0LHceBdQLex7OOFGTox+Q5Yg8Jk2Qivg==}
    engines: {node: '>=14'}
    hasBin: true

  readdirp@5.1.1:
    resolution: {integrity: sha512-Kko+Y5XQ6fM+Ce3dq3m9YGxnacYZYl9cA1wZjaF3Vbry2L3i1qVg8+CAgNPsXRArPMUMCaOR7oa9Nqntc43JKA==}
    engines: {node: '>= 20.19.0'}

  sass@1.105.1:
    resolution: {integrity: sha512-1CnAWPyrrnVQzXGB/DUep1vYCKCm1CIBr+YxjjiW6wk9qtzemnGP4qicH56T2F9S4Hjtv/Ne3jDz8JqfdDU4oA==}
    engines: {node: '>=20.19.0'}
    hasBin: true

  sax@1.6.1:
    resolution: {integrity: sha512-42tBVwLWnaQvW5zc4HbZrTuWccECCZfBi92FDuwtqxasH+JbPB3/FOKb1m222K42R4WxuxzzMsTswfzgtSu64Q==}
    engines: {node: '>=11.0.0'}

  source-map-js@1.2.2:
    resolution: {integrity: sha512-KGj/8Y43x35aZVDtt+J4mK1hoLGHULMYfSkODJNQjNDC3oW1PqPoxMwo0pLUsWM/UEGzON/NxeHywEfNXNP3Vw==}
    engines: {node: '>=0.10.0'}

  stylehacks@8.0.4:
    resolution: {integrity: sha512-irgZeyYBFVkb8k7yTRQ9No/bTniTGqzptGVMG1/Mj3N2YnI8nIozzY1pcok4i01NfrCSqvc0PdQB6O6kr6dJHw==}
    engines: {node: ^22.11.0 || ^24.11.0 || >=26.0}
    peerDependencies:
      postcss: ^8.5.26

  svgo@4.1.0:
    resolution: {integrity: sha512-bkxnTg1kSU0guhIBmibA6UUhrQmPVA1XsQLN+ylCd+UWzbnLkySOcXpyk1mrl05f+pcaCx2eHb+sp6BgMZWX+Q==}
    engines: {node: '>=16'}
    hasBin: true

  tinyglobby@0.2.17:
    resolution: {integrity: sha512-wXR/dYpcqKmfWpEdZjiKJOwCNFndD0DMnrW/cYjVGttEkBfVgcLFHoNrlj47mjOVic9yyNu65alsgF4NQyTa2g==}
    engines: {node: '>=12.0.0'}

  update-browserslist-db@1.3.3:
    resolution: {integrity: sha512-pJ2sYawQS0R/WI928Gj5GlPhTGzbMelq0+4INtSYNDV9ErKJcX6xjGWkoG/VnB3dpUm00zALaqkrUD77pO5TDQ==}
    hasBin: true
    peerDependencies:
      browserslist: '>= 4.21.0'

  util-deprecate@1.0.2:
    resolution: {integrity: sha512-EPD5q1uXyFxJpCrLnCc1nHnq3gOa6DZBocAIiI2TaSCA7VCJ1UJDMagCzIkXNsUYfD1daK//LTEQ8xiIbrHtcw==}

snapshots:

  '@colordx/core@5.8.0': {}

  '@parcel/watcher-android-arm64@2.6.0':
    optional: true

  '@parcel/watcher-darwin-arm64@2.6.0':
    optional: true

  '@parcel/watcher-darwin-x64@2.6.0':
    optional: true

  '@parcel/watcher-freebsd-x64@2.6.0':
    optional: true

  '@parcel/watcher-linux-arm-glibc@2.6.0':
    optional: true

  '@parcel/watcher-linux-arm-musl@2.6.0':
    optional: true

  '@parcel/watcher-linux-arm64-glibc@2.6.0':
    optional: true

  '@parcel/watcher-linux-arm64-musl@2.6.0':
    optional: true

  '@parcel/watcher-linux-x64-glibc@2.6.0':
    optional: true

  '@parcel/watcher-linux-x64-musl@2.6.0':
    optional: true

  '@parcel/watcher-win32-arm64@2.6.0':
    optional: true

  '@parcel/watcher-win32-x64@2.6.0':
    optional: true

  '@parcel/watcher@2.6.0':
    dependencies:
      detect-libc: 2.1.2
      is-glob: 4.0.3
      node-addon-api: 7.1.1
      picomatch: 4.0.7
    optionalDependencies:
      '@parcel/watcher-android-arm64': 2.6.0
      '@parcel/watcher-darwin-arm64': 2.6.0
      '@parcel/watcher-darwin-x64': 2.6.0
      '@parcel/watcher-freebsd-x64': 2.6.0
      '@parcel/watcher-linux-arm-glibc': 2.6.0
      '@parcel/watcher-linux-arm-musl': 2.6.0
      '@parcel/watcher-linux-arm64-glibc': 2.6.0
      '@parcel/watcher-linux-arm64-musl': 2.6.0
      '@parcel/watcher-linux-x64-glibc': 2.6.0
      '@parcel/watcher-linux-x64-musl': 2.6.0
      '@parcel/watcher-win32-arm64': 2.6.0
      '@parcel/watcher-win32-x64': 2.6.0
    optional: true

  '@types/relateurl@0.2.33': {}

  argparse@2.0.1: {}

  baseline-browser-mapping@2.11.27: {}

  boolbase@1.0.0: {}

  browserslist@4.29.3:
    dependencies:
      baseline-browser-mapping: 2.11.27
      caniuse-lite: 1.0.30001814
      electron-to-chromium: 1.5.444
      node-releases: 2.0.57
      update-browserslist-db: 1.3.3(browserslist@4.29.3)

  caniuse-api@4.0.0:
    dependencies:
      browserslist: 4.29.3
      caniuse-lite: 1.0.30001814

  caniuse-lite@1.0.30001814: {}

  chokidar@5.0.0:
    dependencies:
      readdirp: 5.1.1

  commander@11.1.0: {}

  commander@15.0.0: {}

  cosmiconfig@10.0.1:
    dependencies:
      env-paths: 2.2.1
      js-yaml: 5.4.2

  css-select@6.0.0:
    dependencies:
      boolbase: 1.0.0
      css-what: 7.0.0
      domhandler: 5.0.3
      domutils: 3.2.2
      nth-check: 2.1.1

  css-tree@2.2.1:
    dependencies:
      mdn-data: 2.0.28
      source-map-js: 1.2.2

  css-tree@3.2.1:
    dependencies:
      mdn-data: 2.27.1
      source-map-js: 1.2.2

  css-what@7.0.0: {}

  cssesc@3.0.0: {}

  cssnano-preset-default@8.0.10(postcss@8.5.28):
    dependencies:
      browserslist: 4.29.3
      cssnano-utils: 6.0.4(postcss@8.5.28)
      postcss: 8.5.28
      postcss-calc: 10.1.1(postcss@8.5.28)
      postcss-colormin: 8.0.5(postcss@8.5.28)
      postcss-convert-values: 8.0.4(postcss@8.5.28)
      postcss-discard-comments: 8.0.4(postcss@8.5.28)
      postcss-discard-duplicates: 8.0.4(postcss@8.5.28)
      postcss-discard-empty: 8.0.5(postcss@8.5.28)
      postcss-discard-overridden: 8.0.4(postcss@8.5.28)
      postcss-merge-longhand: 8.0.4(postcss@8.5.28)
      postcss-merge-rules: 8.0.5(postcss@8.5.28)
      postcss-minify-font-values: 8.0.4(postcss@8.5.28)
      postcss-minify-gradients: 8.0.6(postcss@8.5.28)
      postcss-minify-params: 8.0.4(postcss@8.5.28)
      postcss-minify-selectors: 8.0.5(postcss@8.5.28)
      postcss-normalize-charset: 8.0.5(postcss@8.5.28)
      postcss-normalize-display-values: 8.0.4(postcss@8.5.28)
      postcss-normalize-positions: 8.0.4(postcss@8.5.28)
      postcss-normalize-repeat-style: 8.0.4(postcss@8.5.28)
      postcss-normalize-string: 8.0.4(postcss@8.5.28)
      postcss-normalize-timing-functions: 8.0.4(postcss@8.5.28)
      postcss-normalize-unicode: 8.0.4(postcss@8.5.28)
      postcss-normalize-url: 8.0.4(postcss@8.5.28)
      postcss-normalize-whitespace: 8.0.5(postcss@8.5.28)
      postcss-ordered-values: 8.0.5(postcss@8.5.28)
      postcss-reduce-initial: 8.0.5(postcss@8.5.28)
      postcss-reduce-transforms: 8.0.4(postcss@8.5.28)
      postcss-svgo: 8.0.6(postcss@8.5.28)
      postcss-unique-selectors: 8.0.4(postcss@8.5.28)

  cssnano-utils@6.0.4(postcss@8.5.28):
    dependencies:
      postcss: 8.5.28

  cssnano@8.0.10(postcss@8.5.28):
    dependencies:
      cssnano-preset-default: 8.0.10(postcss@8.5.28)
      lilconfig: 3.1.3
      postcss: 8.5.28

  csso@5.0.5:
    dependencies:
      css-tree: 2.2.1

  detect-libc@2.1.2:
    optional: true

  dom-serializer@1.4.1:
    dependencies:
      domelementtype: 2.3.0
      domhandler: 4.3.1
      entities: 2.2.0

  dom-serializer@2.0.0:
    dependencies:
      domelementtype: 2.3.0
      domhandler: 5.0.3
      entities: 4.5.0

  domelementtype@2.3.0: {}

  domhandler@4.3.1:
    dependencies:
      domelementtype: 2.3.0

  domhandler@5.0.3:
    dependencies:
      domelementtype: 2.3.0

  domutils@2.8.0:
    dependencies:
      dom-serializer: 1.4.1
      domelementtype: 2.3.0
      domhandler: 4.3.1

  domutils@3.2.2:
    dependencies:
      dom-serializer: 2.0.0
      domelementtype: 2.3.0
      domhandler: 5.0.3

  electron-to-chromium@1.5.444: {}

  entities@2.2.0: {}

  entities@3.0.1: {}

  entities@4.5.0: {}

  entities@8.1.0: {}

  env-paths@2.2.1: {}

  escalade@3.2.0: {}

  fdir@6.5.0(picomatch@4.0.7):
    optionalDependencies:
      picomatch: 4.0.7

  htmlnano@3.5.1(cssnano@8.0.10(postcss@8.5.28))(postcss@8.5.28)(svgo@4.1.0):
    dependencies:
      '@types/relateurl': 0.2.33
      commander: 15.0.0
      cosmiconfig: 10.0.1
      entities: 8.1.0
      posthtml: 0.16.7
      tinyglobby: 0.2.17
    optionalDependencies:
      cssnano: 8.0.10(postcss@8.5.28)
      postcss: 8.5.28
      svgo: 4.1.0

  htmlparser2@7.2.0:
    dependencies:
      domelementtype: 2.3.0
      domhandler: 4.3.1
      domutils: 2.8.0
      entities: 3.0.1

  immutable@5.1.9: {}

  is-extglob@2.1.1:
    optional: true

  is-glob@4.0.3:
    dependencies:
      is-extglob: 2.1.1
    optional: true

  is-json@2.0.1: {}

  js-yaml@5.4.2:
    dependencies:
      argparse: 2.0.1

  lilconfig@3.1.3: {}

  luxon@3.7.2: {}

  mdn-data@2.0.28: {}

  mdn-data@2.27.1: {}

  nanoid@3.3.19: {}

  node-addon-api@7.1.1:
    optional: true

  node-releases@2.0.57: {}

  nth-check@2.1.1:
    dependencies:
      boolbase: 1.0.0

  picocolors@1.1.1: {}

  picomatch@4.0.7: {}

  postcss-calc@10.1.1(postcss@8.5.28):
    dependencies:
      postcss: 8.5.28
      postcss-selector-parser: 7.1.6
      postcss-value-parser: 4.2.0

  postcss-colormin@8.0.5(postcss@8.5.28):
    dependencies:
      '@colordx/core': 5.8.0
      browserslist: 4.29.3
      caniuse-api: 4.0.0
      postcss: 8.5.28
      postcss-value-parser: 4.2.0

  postcss-convert-values@8.0.4(postcss@8.5.28):
    dependencies:
      browserslist: 4.29.3
      postcss: 8.5.28
      postcss-value-parser: 4.2.0

  postcss-discard-comments@8.0.4(postcss@8.5.28):
    dependencies:
      postcss: 8.5.28
      postcss-selector-parser: 7.1.6

  postcss-discard-duplicates@8.0.4(postcss@8.5.28):
    dependencies:
      postcss: 8.5.28

  postcss-discard-empty@8.0.5(postcss@8.5.28):
    dependencies:
      postcss: 8.5.28

  postcss-discard-overridden@8.0.4(postcss@8.5.28):
    dependencies:
      postcss: 8.5.28

  postcss-merge-longhand@8.0.4(postcss@8.5.28):
    dependencies:
      postcss: 8.5.28
      postcss-value-parser: 4.2.0
      stylehacks: 8.0.4(postcss@8.5.28)

  postcss-merge-rules@8.0.5(postcss@8.5.28):
    dependencies:
      browserslist: 4.29.3
      caniuse-api: 4.0.0
      cssnano-utils: 6.0.4(postcss@8.5.28)
      postcss: 8.5.28
      postcss-selector-parser: 7.1.6

  postcss-minify-font-values@8.0.4(postcss@8.5.28):
    dependencies:
      postcss: 8.5.28
      postcss-value-parser: 4.2.0

  postcss-minify-gradients@8.0.6(postcss@8.5.28):
    dependencies:
      '@colordx/core': 5.8.0
      cssnano-utils: 6.0.4(postcss@8.5.28)
      postcss: 8.5.28
      postcss-value-parser: 4.2.0

  postcss-minify-params@8.0.4(postcss@8.5.28):
    dependencies:
      browserslist: 4.29.3
      cssnano-utils: 6.0.4(postcss@8.5.28)
      postcss: 8.5.28
      postcss-value-parser: 4.2.0

  postcss-minify-selectors@8.0.5(postcss@8.5.28):
    dependencies:
      browserslist: 4.29.3
      caniuse-api: 4.0.0
      cssesc: 3.0.0
      postcss: 8.5.28
      postcss-selector-parser: 7.1.6

  postcss-normalize-charset@8.0.5(postcss@8.5.28):
    dependencies:
      postcss: 8.5.28

  postcss-normalize-display-values@8.0.4(postcss@8.5.28):
    dependencies:
      postcss: 8.5.28
      postcss-value-parser: 4.2.0

  postcss-normalize-positions@8.0.4(postcss@8.5.28):
    dependencies:
      postcss: 8.5.28
      postcss-value-parser: 4.2.0

  postcss-normalize-repeat-style@8.0.4(postcss@8.5.28):
    dependencies:
      postcss: 8.5.28
      postcss-value-parser: 4.2.0

  postcss-normalize-string@8.0.4(postcss@8.5.28):
    dependencies:
      postcss: 8.5.28
      postcss-value-parser: 4.2.0

  postcss-normalize-timing-functions@8.0.4(postcss@8.5.28):
    dependencies:
      postcss: 8.5.28
      postcss-value-parser: 4.2.0

  postcss-normalize-unicode@8.0.4(postcss@8.5.28):
    dependencies:
      browserslist: 4.29.3
      postcss: 8.5.28
      postcss-value-parser: 4.2.0

  postcss-normalize-url@8.0.4(postcss@8.5.28):
    dependencies:
      postcss: 8.5.28
      postcss-value-parser: 4.2.0

  postcss-normalize-whitespace@8.0.5(postcss@8.5.28):
    dependencies:
      postcss: 8.5.28
      postcss-value-parser: 4.2.0

  postcss-ordered-values@8.0.5(postcss@8.5.28):
    dependencies:
      cssnano-utils: 6.0.4(postcss@8.5.28)
      postcss: 8.5.28
      postcss-value-parser: 4.2.0

  postcss-reduce-initial@8.0.5(postcss@8.5.28):
    dependencies:
      browserslist: 4.29.3
      caniuse-api: 4.0.0
      postcss: 8.5.28

  postcss-reduce-transforms@8.0.4(postcss@8.5.28):
    dependencies:
      postcss: 8.5.28
      postcss-value-parser: 4.2.0

  postcss-selector-parser@7.1.6:
    dependencies:
      cssesc: 3.0.0
      util-deprecate: 1.0.2

  postcss-svgo@8.0.6(postcss@8.5.28):
    dependencies:
      postcss: 8.5.28
      postcss-value-parser: 4.2.0
      svgo: 4.1.0

  postcss-unique-selectors@8.0.4(postcss@8.5.28):
    dependencies:
      postcss: 8.5.28
      postcss-selector-parser: 7.1.6

  postcss-value-parser@4.2.0: {}

  postcss@8.5.28:
    dependencies:
      nanoid: 3.3.19
      picocolors: 1.1.1
      source-map-js: 1.2.2

  posthtml-parser@0.11.0:
    dependencies:
      htmlparser2: 7.2.0

  posthtml-render@3.0.0:
    dependencies:
      is-json: 2.0.1

  posthtml@0.16.7:
    dependencies:
      posthtml-parser: 0.11.0
      posthtml-render: 3.0.0

  prettier@3.9.9: {}

  readdirp@5.1.1: {}

  sass@1.105.1:
    dependencies:
      chokidar: 5.0.0
      immutable: 5.1.9
      source-map-js: 1.2.2
    optionalDependencies:
      '@parcel/watcher': 2.6.0

  sax@1.6.1: {}

  source-map-js@1.2.2: {}

  stylehacks@8.0.4(postcss@8.5.28):
    dependencies:
      browserslist: 4.29.3
      postcss: 8.5.28
      postcss-selector-parser: 7.1.6

  svgo@4.1.0:
    dependencies:
      commander: 11.1.0
      css-select: 6.0.0
      css-tree: 3.2.1
      css-what: 7.0.0
      csso: 5.0.5
      picocolors: 1.1.1
      sax: 1.6.1

  tinyglobby@0.2.17:
    dependencies:
      fdir: 6.5.0(picomatch@4.0.7)
      picomatch: 4.0.7

  update-browserslist-db@1.3.3(browserslist@4.29.3):
    dependencies:
      browserslist: 4.29.3
      escalade: 3.2.0
      picocolors: 1.1.1

  util-deprecate@1.0.2: {}
